
Microsoft Visual Studio Solution File, Format Version 12.00
# Visual Studio Version 16
VisualStudioVersion = 16.0.31911.196
MinimumVisualStudioVersion = 10.0.40219.1
Project("{FAE04EC0-301F-11D3-BF4B-00C04F79EFBC}") = "personal Data", "personal Data\personal Data.csproj", "{023B7CA8-CE05-4FA1-A3AC-F4860BBC91F8}"
EndProject
Global
	GlobalSection(SolutionConfigurationPlatforms) = preSolution
		Debug|Any CPU = Debug|Any CPU
		Release|Any CPU = Release|Any CPU
	EndGlobalSection
	GlobalSection(ProjectConfigurationPlatforms) = postSolution
		{023B7CA8-CE05-4FA1-A3AC-F4860BBC91F8}.Debug|Any CPU.ActiveCfg = Debug|Any CPU
		{023B7CA8-CE05-4FA1-A3AC-F4860BBC91F8}.Debug|Any CPU.Build.0 = Debug|Any CPU
		{023B7CA8-CE05-4FA1-A3AC-F4860BBC91F8}.Release|Any CPU.ActiveCfg = Release|Any CPU
		{023B7CA8-CE05-4FA1-A3AC-F4860BBC91F8}.Release|Any CPU.Build.0 = Release|Any CPU
	EndGlobalSection
	GlobalSection(SolutionProperties) = preSolution
		HideSolutionNode = FALSE
	EndGlobalSection
	GlobalSection(ExtensibilityGlobals) = postSolution
		SolutionGuid = {A3A8835F-0F62-4D7E-A577-27C6825B099B}
	EndGlobalSection
EndGlobal
